// !$*UTF8*$!
{
	archiveVersion = 1;
	classes = {
	};
	objectVersion = 50;
	objects = {

/* Begin PBXBuildFile section */
		9A24A96F20F6936C0037475C /* AppDelegate.swift in Sources */ = {isa = PBXBuildFile; fileRef = 9A24A96E20F6936C0037475C /* AppDelegate.swift */; };
		9A24A97420F6936C0037475C /* Main.storyboard in Resources */ = {isa = PBXBuildFile; fileRef = 9A24A97220F6936C0037475C /* Main.storyboard */; };
		9A24A97620F6936D0037475C /* Assets.xcassets in Resources */ = {isa = PBXBuildFile; fileRef = 9A24A97520F6936D0037475C /* Assets.xcassets */; };
		9A24A97920F6936D0037475C /* LaunchScreen.storyboard in Resources */ = {isa = PBXBuildFile; fileRef = 9A24A97720F6936D0037475C /* LaunchScreen.storyboard */; };
		9A6793BC20F6C8BE00D811F9 /* SWRevealViewController.m in Sources */ = {isa = PBXBuildFile; fileRef = 9A6793BB20F6C8BE00D811F9 /* SWRevealViewController.m */; };
		9A6793C120F6CE9700D811F9 /* ChatVC.swift in Sources */ = {isa = PBXBuildFile; fileRef = 9A6793C020F6CE9700D811F9 /* ChatVC.swift */; };
		9A6793C320F6CEAE00D811F9 /* ChannelVC.swift in Sources */ = {isa = PBXBuildFile; fileRef = 9A6793C220F6CEAE00D811F9 /* ChannelVC.swift */; };
		9A6793C520F7985800D811F9 /* GradientView.swift in Sources */ = {isa = PBXBuildFile; fileRef = 9A6793C420F7985700D811F9 /* GradientView.swift */; };
		9A6793C820F7FFED00D811F9 /* Constants.swift in Sources */ = {isa = PBXBuildFile; fileRef = 9A6793C720F7FFED00D811F9 /* Constants.swift */; };
		9A6793CA20F810F500D811F9 /* RoundedCorners.swift in Sources */ = {isa = PBXBuildFile; fileRef = 9A6793C920F810F500D811F9 /* RoundedCorners.swift */; };
		9A6793CC20F815A900D811F9 /* LoginVC.swift in Sources */ = {isa = PBXBuildFile; fileRef = 9A6793CB20F815A900D811F9 /* LoginVC.swift */; };
		AC4674EFDE96799C47D79DB5 /* Pods_Smack.framework in Frameworks */ = {isa = PBXBuildFile; fileRef = 2F49F6A7C4245E7E5B3CC3BE /* Pods_Smack.framework */; };
/* End PBXBuildFile section */

/* Begin PBXFileReference section */
		2F49F6A7C4245E7E5B3CC3BE /* Pods_Smack.framework */ = {isa = PBXFileReference; explicitFileType = wrapper.framework; includeInIndex = 0; path = Pods_Smack.framework; sourceTree = BUILT_PRODUCTS_DIR; };
		9A24A96B20F6936C0037475C /* Smack.app */ = {isa = PBXFileReference; explicitFileType = wrapper.application; includeInIndex = 0; path = Smack.app; sourceTree = BUILT_PRODUCTS_DIR; };
		9A24A96E20F6936C0037475C /* AppDelegate.swift */ = {isa = PBXFileReference; lastKnownFileType = sourcecode.swift; path = AppDelegate.swift; sourceTree = "<group>"; };
		9A24A97320F6936C0037475C /* Base */ = {isa = PBXFileReference; lastKnownFileType = file.storyboard; name = Base; path = Base.lproj/Main.storyboard; sourceTree = "<group>"; };
		9A24A97520F6936D0037475C /* Assets.xcassets */ = {isa = PBXFileReference; lastKnownFileType = folder.assetcatalog; path = Assets.xcassets; sourceTree = "<group>"; };
		9A24A97820F6936D0037475C /* Base */ = {isa = PBXFileReference; lastKnownFileType = file.storyboard; name = Base; path = Base.lproj/LaunchScreen.storyboard; sourceTree = "<group>"; };
		9A24A97A20F6936D0037475C /* Info.plist */ = {isa = PBXFileReference; lastKnownFileType = text.plist.xml; path = Info.plist; sourceTree = "<group>"; };
		9A6793B920F6C8BD00D811F9 /* Smack-Bridging-Header.h */ = {isa = PBXFileReference; lastKnownFileType = sourcecode.c.h; path = "Smack-Bridging-Header.h"; sourceTree = "<group>"; };
		9A6793BA20F6C8BE00D811F9 /* SWRevealViewController.h */ = {isa = PBXFileReference; fileEncoding = 4; lastKnownFileType = sourcecode.c.h; path = SWRevealViewController.h; sourceTree = "<group>"; };
		9A6793BB20F6C8BE00D811F9 /* SWRevealViewController.m */ = {isa = PBXFileReference; fileEncoding = 4; lastKnownFileType = sourcecode.c.objc; path = SWRevealViewController.m; sourceTree = "<group>"; };
		9A6793C020F6CE9700D811F9 /* ChatVC.swift */ = {isa = PBXFileReference; lastKnownFileType = sourcecode.swift; path = ChatVC.swift; sourceTree = "<group>"; };
		9A6793C220F6CEAE00D811F9 /* ChannelVC.swift */ = {isa = PBXFileReference; lastKnownFileType = sourcecode.swift; path = ChannelVC.swift; sourceTree = "<group>"; };
		9A6793C420F7985700D811F9 /* GradientView.swift */ = {isa = PBXFileReference; lastKnownFileType = sourcecode.swift; path = GradientView.swift; sourceTree = "<group>"; };
		9A6793C720F7FFED00D811F9 /* Constants.swift */ = {isa = PBXFileReference; lastKnownFileType = sourcecode.swift; path = Constants.swift; sourceTree = "<group>"; };
		9A6793C920F810F500D811F9 /* RoundedCorners.swift */ = {isa = PBXFileReference; lastKnownFileType = sourcecode.swift; path = RoundedCorners.swift; sourceTree = "<group>"; };
		9A6793CB20F815A900D811F9 /* LoginVC.swift */ = {isa = PBXFileReference; lastKnownFileType = sourcecode.swift; path = LoginVC.swift; sourceTree = "<group>"; };
		9BCF08192912ED8402D62D40 /* Pods-Smack.debug.xcconfig */ = {isa = PBXFileReference; includeInIndex = 1; lastKnownFileType = text.xcconfig; name = "Pods-Smack.debug.xcconfig"; path = "Pods/Target Support Files/Pods-Smack/Pods-Smack.debug.xcconfig"; sourceTree = "<group>"; };
		DE7329ADA11AC7F443A16C27 /* Pods-Smack.release.xcconfig */ = {isa = PBXFileReference; includeInIndex = 1; lastKnownFileType = text.xcconfig; name = "Pods-Smack.release.xcconfig"; path = "Pods/Target Support Files/Pods-Smack/Pods-Smack.release.xcconfig"; sourceTree = "<group>"; };
/* End PBXFileReference section */

/* Begin PBXFrameworksBuildPhase section */
		9A24A96820F6936C0037475C /* Frameworks */ = {
			isa = PBXFrameworksBuildPhase;
			buildActionMask = 2147483647;
			files = (
				AC4674EFDE96799C47D79DB5 /* Pods_Smack.framework in Frameworks */,
			);
			runOnlyForDeploymentPostprocessing = 0;
		};
/* End PBXFrameworksBuildPhase section */

/* Begin PBXGroup section */
		9A24A96220F6936C0037475C = {
			isa = PBXGroup;
			children = (
				9A6793B820F6C88600D811F9 /* Supporting Files */,
				9A24A96D20F6936C0037475C /* Smack */,
				9A24A96C20F6936C0037475C /* Products */,
				DF074D464E80D42EBC9590CD /* Pods */,
				EB62C3BBC2FEF6A52B5D931A /* Frameworks */,
			);
			sourceTree = "<group>";
		};
		9A24A96C20F6936C0037475C /* Products */ = {
			isa = PBXGroup;
			children = (
				9A24A96B20F6936C0037475C /* Smack.app */,
			);
			name = Products;
			sourceTree = "<group>";
		};
		9A24A96D20F6936C0037475C /* Smack */ = {
			isa = PBXGroup;
			children = (
				9A6793C620F7FFCC00D811F9 /* Utilities */,
				9A6793BF20F6CE7300D811F9 /* Model */,
				9A6793BE20F6CE6D00D811F9 /* View */,
				9A6793BD20F6CE6400D811F9 /* Controller */,
				9A24A96E20F6936C0037475C /* AppDelegate.swift */,
				9A24A97220F6936C0037475C /* Main.storyboard */,
				9A24A97520F6936D0037475C /* Assets.xcassets */,
				9A24A97720F6936D0037475C /* LaunchScreen.storyboard */,
				9A24A97A20F6936D0037475C /* Info.plist */,
			);
			path = Smack;
			sourceTree = "<group>";
		};
		9A6793B820F6C88600D811F9 /* Supporting Files */ = {
			isa = PBXGroup;
			children = (
				9A6793BA20F6C8BE00D811F9 /* SWRevealViewController.h */,
				9A6793BB20F6C8BE00D811F9 /* SWRevealViewController.m */,
				9A6793B920F6C8BD00D811F9 /* Smack-Bridging-Header.h */,
			);
			path = "Supporting Files";
			sourceTree = "<group>";
		};
		9A6793BD20F6CE6400D811F9 /* Controller */ = {
			isa = PBXGroup;
			children = (
				9A6793C020F6CE9700D811F9 /* ChatVC.swift */,
				9A6793C220F6CEAE00D811F9 /* ChannelVC.swift */,
				9A6793CB20F815A900D811F9 /* LoginVC.swift */,
			);
			path = Controller;
			sourceTree = "<group>";
		};
		9A6793BE20F6CE6D00D811F9 /* View */ = {
			isa = PBXGroup;
			children = (
				9A6793C420F7985700D811F9 /* GradientView.swift */,
				9A6793C920F810F500D811F9 /* RoundedCorners.swift */,
			);
			path = View;
			sourceTree = "<group>";
		};
		9A6793BF20F6CE7300D811F9 /* Model */ = {
			isa = PBXGroup;
			children = (
			);
			path = Model;
			sourceTree = "<group>";
		};
		9A6793C620F7FFCC00D811F9 /* Utilities */ = {
			isa = PBXGroup;
			children = (
				9A6793C720F7FFED00D811F9 /* Constants.swift */,
			);
			path = Utilities;
			sourceTree = "<group>";
		};
		DF074D464E80D42EBC9590CD /* Pods */ = {
			isa = PBXGroup;
			children = (
				9BCF08192912ED8402D62D40 /* Pods-Smack.debug.xcconfig */,
				DE7329ADA11AC7F443A16C27 /* Pods-Smack.release.xcconfig */,
			);
			name = Pods;
			sourceTree = "<group>";
		};
		EB62C3BBC2FEF6A52B5D931A /* Frameworks */ = {
			isa = PBXGroup;
			children = (
				2F49F6A7C4245E7E5B3CC3BE /* Pods_Smack.framework */,
			);
			name = Frameworks;
			sourceTree = "<group>";
		};
/* End PBXGroup section */

/* Begin PBXNativeTarget section */
		9A24A96A20F6936C0037475C /* Smack */ = {
			isa = PBXNativeTarget;
			buildConfigurationList = 9A24A97D20F6936D0037475C /* Build configuration list for PBXNativeTarget "Smack" */;
			buildPhases = (
				2364B67CCEFE35FA38851852 /* [CP] Check Pods Manifest.lock */,
				9A24A96720F6936C0037475C /* Sources */,
				9A24A96820F6936C0037475C /* Frameworks */,
				9A24A96920F6936C0037475C /* Resources */,
				9D4DB033ED1D549D1FC84F27 /* [CP] Embed Pods Frameworks */,
			);
			buildRules = (
			);
			dependencies = (
			);
			name = Smack;
			productName = Smack;
			productReference = 9A24A96B20F6936C0037475C /* Smack.app */;
			productType = "com.apple.product-type.application";
		};
/* End PBXNativeTarget section */

/* Begin PBXProject section */
		9A24A96320F6936C0037475C /* Project object */ = {
			isa = PBXProject;
			attributes = {
				LastSwiftUpdateCheck = 0940;
				LastUpgradeCheck = 0940;
				ORGANIZATIONNAME = "Yosra H. Hekal";
				TargetAttributes = {
					9A24A96A20F6936C0037475C = {
						CreatedOnToolsVersion = 9.4.1;
						LastSwiftMigration = 0940;
					};
				};
			};
			buildConfigurationList = 9A24A96620F6936C0037475C /* Build configuration list for PBXProject "Smack" */;
			compatibilityVersion = "Xcode 9.3";
			developmentRegion = en;
			hasScannedForEncodings = 0;
			knownRegions = (
				en,
				Base,
			);
			mainGroup = 9A24A96220F6936C0037475C;
			productRefGroup = 9A24A96C20F6936C0037475C /* Products */;
			projectDirPath = "";
			projectRoot = "";
			targets = (
				9A24A96A20F6936C0037475C /* Smack */,
			);
		};
/* End PBXProject section */

/* Begin PBXResourcesBuildPhase section */
		9A24A96920F6936C0037475C /* Resources */ = {
			isa = PBXResourcesBuildPhase;
			buildActionMask = 2147483647;
			files = (
				9A24A97920F6936D0037475C /* LaunchScreen.storyboard in Resources */,
				9A24A97620F6936D0037475C /* Assets.xcassets in Resources */,
				9A24A97420F6936C0037475C /* Main.storyboard in Resources */,
			);
			runOnlyForDeploymentPostprocessing = 0;
		};
/* End PBXResourcesBuildPhase section */

/* Begin PBXShellScriptBuildPhase section */
		2364B67CCEFE35FA38851852 /* [CP] Check Pods Manifest.lock */ = {
			isa = PBXShellScriptBuildPhase;
			buildActionMask = 2147483647;
			files = (
			);
			inputPaths = (
				"${PODS_PODFILE_DIR_PATH}/Podfile.lock",
				"${PODS_ROOT}/Manifest.lock",
			);
			name = "[CP] Check Pods Manifest.lock";
			outputPaths = (
				"$(DERIVED_FILE_DIR)/Pods-Smack-checkManifestLockResult.txt",
			);
			runOnlyForDeploymentPostprocessing = 0;
			shellPath = /bin/sh;
			shellScript = "diff \"${PODS_PODFILE_DIR_PATH}/Podfile.lock\" \"${PODS_ROOT}/Manifest.lock\" > /dev/null\nif [ $? != 0 ] ; then\n    # print error to STDERR\n    echo \"error: The sandbox is not in sync with the Podfile.lock. Run 'pod install' or update your CocoaPods installation.\" >&2\n    exit 1\nfi\n# This output is used by Xcode 'outputs' to avoid re-running this script phase.\necho \"SUCCESS\" > \"${SCRIPT_OUTPUT_FILE_0}\"\n";
			showEnvVarsInLog = 0;
		};
		9D4DB033ED1D549D1FC84F27 /* [CP] Embed Pods Frameworks */ = {
			isa = PBXShellScriptBuildPhase;
			buildActionMask = 2147483647;
			files = (
			);
			inputPaths = (
				"${SRCROOT}/Pods/Target Support Files/Pods-Smack/Pods-Smack-frameworks.sh",
				"${BUILT_PRODUCTS_DIR}/Alamofire/Alamofire.framework",
				"${BUILT_PRODUCTS_DIR}/Socket.IO-Client-Swift/SocketIO.framework",
				"${BUILT_PRODUCTS_DIR}/Starscream/Starscream.framework",
				"${BUILT_PRODUCTS_DIR}/SwiftyJSON/SwiftyJSON.framework",
			);
			name = "[CP] Embed Pods Frameworks";
			outputPaths = (
				"${TARGET_BUILD_DIR}/${FRAMEWORKS_FOLDER_PATH}/Alamofire.framework",
				"${TARGET_BUILD_DIR}/${FRAMEWORKS_FOLDER_PATH}/SocketIO.framework",
				"${TARGET_BUILD_DIR}/${FRAMEWORKS_FOLDER_PATH}/Starscream.framework",
				"${TARGET_BUILD_DIR}/${FRAMEWORKS_FOLDER_PATH}/SwiftyJSON.framework",
			);
			runOnlyForDeploymentPostprocessing = 0;
			shellPath = /bin/sh;
			shellScript = "\"${SRCROOT}/Pods/Target Support Files/Pods-Smack/Pods-Smack-frameworks.sh\"\n";
			showEnvVarsInLog = 0;
		};
/* End PBXShellScriptBuildPhase section */

/* Begin PBXSourcesBuildPhase section */
		9A24A96720F6936C0037475C /* Sources */ = {
			isa = PBXSourcesBuildPhase;
			buildActionMask = 2147483647;
			files = (
				9A6793C320F6CEAE00D811F9 /* ChannelVC.swift in Sources */,
				9A6793C120F6CE9700D811F9 /* ChatVC.swift in Sources */,
				9A6793CC20F815A900D811F9 /* LoginVC.swift in Sources */,
				9A6793C520F7985800D811F9 /* GradientView.swift in Sources */,
				9A24A96F20F6936C0037475C /* AppDelegate.swift in Sources */,
				9A6793BC20F6C8BE00D811F9 /* SWRevealViewController.m in Sources */,
				9A6793C820F7FFED00D811F9 /* Constants.swift in Sources */,
				9A6793CA20F810F500D811F9 /* RoundedCorners.swift in Sources */,
			);
			runOnlyForDeploymentPostprocessing = 0;
		};
/* End PBXSourcesBuildPhase section */

/* Begin PBXVariantGroup section */
		9A24A97220F6936C0037475C /* Main.storyboard */ = {
			isa = PBXVariantGroup;
			children = (
				9A24A97320F6936C0037475C /* Base */,
			);
			name = Main.storyboard;
			sourceTree = "<group>";
		};
		9A24A97720F6936D0037475C /* LaunchScreen.storyboard */ = {
			isa = PBXVariantGroup;
			children = (
				9A24A97820F6936D0037475C /* Base */,
			);
			name = LaunchScreen.storyboard;
			sourceTree = "<group>";
		};
/* End PBXVariantGroup section */

/* Begin XCBuildConfiguration section */
		9A24A97B20F6936D0037475C /* Debug */ = {
			isa = XCBuildConfiguration;
			buildSettings = {
				ALWAYS_SEARCH_USER_PATHS = NO;
				CLANG_ANALYZER_NONNULL = YES;
				CLANG_ANALYZER_NUMBER_OBJECT_CONVERSION = YES_AGGRESSIVE;
				CLANG_CXX_LANGUAGE_STANDARD = "gnu++14";
				CLANG_CXX_LIBRARY = "libc++";
				CLANG_ENABLE_MODULES = YES;
				CLANG_ENABLE_OBJC_ARC = YES;
				CLANG_ENABLE_OBJC_WEAK = YES;
				CLANG_WARN_BLOCK_CAPTURE_AUTORELEASING = YES;
				CLANG_WARN_BOOL_CONVERSION = YES;
				CLANG_WARN_COMMA = YES;
				CLANG_WARN_CONSTANT_CONVERSION = YES;
				CLANG_WARN_DEPRECATED_OBJC_IMPLEMENTATIONS = YES;
				CLANG_WARN_DIRECT_OBJC_ISA_USAGE = YES_ERROR;
				CLANG_WARN_DOCUMENTATION_COMMENTS = YES;
				CLANG_WARN_EMPTY_BODY = YES;
				CLANG_WARN_ENUM_CONVERSION = YES;
				CLANG_WARN_INFINITE_RECURSION = YES;
				CLANG_WARN_INT_CONVERSION = YES;
				CLANG_WARN_NON_LITERAL_NULL_CONVERSION = YES;
				CLANG_WARN_OBJC_IMPLICIT_RETAIN_SELF = YES;
				CLANG_WARN_OBJC_LITERAL_CONVERSION = YES;
				CLANG_WARN_OBJC_ROOT_CLASS = YES_ERROR;
				CLANG_WARN_RANGE_LOOP_ANALYSIS = YES;
				CLANG_WARN_STRICT_PROTOTYPES = YES;
				CLANG_WARN_SUSPICIOUS_MOVE = YES;
				CLANG_WARN_UNGUARDED_AVAILABILITY = YES_AGGRESSIVE;
				CLANG_WARN_UNREACHABLE_CODE = YES;
				CLANG_WARN__DUPLICATE_METHOD_MATCH = YES;
				CODE_SIGN_IDENTITY = "iPhone Developer";
				COPY_PHASE_STRIP = NO;
				DEBUG_INFORMATION_FORMAT = dwarf;
				ENABLE_STRICT_OBJC_MSGSEND = YES;
				ENABLE_TESTABILITY = YES;
				GCC_C_LANGUAGE_STANDARD = gnu11;
				GCC_DYNAMIC_NO_PIC = NO;
				GCC_NO_COMMON_BLOCKS = YES;
				GCC_OPTIMIZATION_LEVEL = 0;
				GCC_PREPROCESSOR_DEFINITIONS = (
					"DEBUG=1",
					"$(inherited)",
				);
				GCC_WARN_64_TO_32_BIT_CONVERSION = YES;
				GCC_WARN_ABOUT_RETURN_TYPE = YES_ERROR;
				GCC_WARN_UNDECLARED_SELECTOR = YES;
				GCC_WARN_UNINITIALIZED_AUTOS = YES_AGGRESSIVE;
				GCC_WARN_UNUSED_FUNCTION = YES;
				GCC_WARN_UNUSED_VARIABLE = YES;
				IPHONEOS_DEPLOYMENT_TARGET = 11.4;
				MTL_ENABLE_DEBUG_INFO = YES;
				ONLY_ACTIVE_ARCH = YES;
				SDKROOT = iphoneos;
				SWIFT_ACTIVE_COMPILATION_CONDITIONS = DEBUG;
				SWIFT_OPTIMIZATION_LEVEL = "-Onone";
			};
			name = Debug;
		};
		9A24A97C20F6936D0037475C /* Release */ = {
			isa = XCBuildConfiguration;
			buildSettings = {
				ALWAYS_SEARCH_USER_PATHS = NO;
				CLANG_ANALYZER_NONNULL = YES;
				CLANG_ANALYZER_NUMBER_OBJECT_CONVERSION = YES_AGGRESSIVE;
				CLANG_CXX_LANGUAGE_STANDARD = "gnu++14";
				CLANG_CXX_LIBRARY = "libc++";
				CLANG_ENABLE_MODULES = YES;
				CLANG_ENABLE_OBJC_ARC = YES;
				CLANG_ENABLE_OBJC_WEAK = YES;
				CLANG_WARN_BLOCK_CAPTURE_AUTORELEASING = YES;
				CLANG_WARN_BOOL_CONVERSION = YES;
				CLANG_WARN_COMMA = YES;
				CLANG_WARN_CONSTANT_CONVERSION = YES;
				CLANG_WARN_DEPRECATED_OBJC_IMPLEMENTATIONS = YES;
				CLANG_WARN_DIRECT_OBJC_ISA_USAGE = YES_ERROR;
				CLANG_WARN_DOCUMENTATION_COMMENTS = YES;
				CLANG_WARN_EMPTY_BODY = YES;
				CLANG_WARN_ENUM_CONVERSION = YES;
				CLANG_WARN_INFINITE_RECURSION = YES;
				CLANG_WARN_INT_CONVERSION = YES;
				CLANG_WARN_NON_LITERAL_NULL_CONVERSION = YES;
				CLANG_WARN_OBJC_IMPLICIT_RETAIN_SELF = YES;
				CLANG_WARN_OBJC_LITERAL_CONVERSION = YES;
				CLANG_WARN_OBJC_ROOT_CLASS = YES_ERROR;
				CLANG_WARN_RANGE_LOOP_ANALYSIS = YES;
				CLANG_WARN_STRICT_PROTOTYPES = YES;
				CLANG_WARN_SUSPICIOUS_MOVE = YES;
				CLANG_WARN_UNGUARDED_AVAILABILITY = YES_AGGRESSIVE;
				CLANG_WARN_UNREACHABLE_CODE = YES;
				CLANG_WARN__DUPLICATE_METHOD_MATCH = YES;
				CODE_SIGN_IDENTITY = "iPhone Developer";
				COPY_PHASE_STRIP = NO;
				DEBUG_INFORMATION_FORMAT = "dwarf-with-dsym";
				ENABLE_NS_ASSERTIONS = NO;
				ENABLE_STRICT_OBJC_MSGSEND = YES;
				GCC_C_LANGUAGE_STANDARD = gnu11;
				GCC_NO_COMMON_BLOCKS = YES;
				GCC_WARN_64_TO_32_BIT_CONVERSION = YES;
				GCC_WARN_ABOUT_RETURN_TYPE = YES_ERROR;
				GCC_WARN_UNDECLARED_SELECTOR = YES;
				GCC_WARN_UNINITIALIZED_AUTOS = YES_AGGRESSIVE;
				GCC_WARN_UNUSED_FUNCTION = YES;
				GCC_WARN_UNUSED_VARIABLE = YES;
				IPHONEOS_DEPLOYMENT_TARGET = 11.4;
				MTL_ENABLE_DEBUG_INFO = NO;
				SDKROOT = iphoneos;
				SWIFT_COMPILATION_MODE = wholemodule;
				SWIFT_OPTIMIZATION_LEVEL = "-O";
				VALIDATE_PRODUCT = YES;
			};
			name = Release;
		};
		9A24A97E20F6936D0037475C /* Debug */ = {
			isa = XCBuildConfiguration;
			baseConfigurationReference = 9BCF08192912ED8402D62D40 /* Pods-Smack.debug.xcconfig */;
			buildSettings = {
				ASSETCATALOG_COMPILER_APPICON_NAME = AppIcon;
				CLANG_ENABLE_MODULES = YES;
				CODE_SIGN_STYLE = Automatic;
				DEVELOPMENT_TEAM = JS4CNY88J2;
				INFOPLIST_FILE = Smack/Info.plist;
				IPHONEOS_DEPLOYMENT_TARGET = 11.0;
				LD_RUNPATH_SEARCH_PATHS = (
					"$(inherited)",
					"@executable_path/Frameworks",
				);
				PRODUCT_BUNDLE_IDENTIFIER = yosra.studio.Smack;
				PRODUCT_NAME = "$(TARGET_NAME)";
				SWIFT_OBJC_BRIDGING_HEADER = "Supporting Files/Smack-Bridging-Header.h";
				SWIFT_OPTIMIZATION_LEVEL = "-Onone";
				SWIFT_VERSION = 4.0;
				TARGETED_DEVICE_FAMILY = "1,2";
			};
			name = Debug;
		};
		9A24A97F20F6936D0037475C /* Release */ = {
			isa = XCBuildConfiguration;
			baseConfigurationReference = DE7329ADA11AC7F443A16C27 /* Pods-Smack.release.xcconfig */;
			buildSettings = {
				ASSETCATALOG_COMPILER_APPICON_NAME = AppIcon;
				CLANG_ENABLE_MODULES = YES;
				CODE_SIGN_STYLE = Automatic;
				DEVELOPMENT_TEAM = JS4CNY88J2;
				INFOPLIST_FILE = Smack/Info.plist;
				IPHONEOS_DEPLOYMENT_TARGET = 11.0;
				LD_RUNPATH_SEARCH_PATHS = (
					"$(inherited)",
					"@executable_path/Frameworks",
				);
				PRODUCT_BUNDLE_IDENTIFIER = yosra.studio.Smack;
				PRODUCT_NAME = "$(TARGET_NAME)";
				SWIFT_OBJC_BRIDGING_HEADER = "Supporting Files/Smack-Bridging-Header.h";
				SWIFT_VERSION = 4.0;
				TARGETED_DEVICE_FAMILY = "1,2";
			};
			name = Release;
		};
/* End XCBuildConfiguration section */

/* Begin XCConfigurationList section */
		9A24A96620F6936C0037475C /* Build configuration list for PBXProject "Smack" */ = {
			isa = XCConfigurationList;
			buildConfigurations = (
				9A24A97B20F6936D0037475C /* Debug */,
				9A24A97C20F6936D0037475C /* Release */,
			);
			defaultConfigurationIsVisible = 0;
			defaultConfigurationName = Release;
		};
		9A24A97D20F6936D0037475C /* Build configuration list for PBXNativeTarget "Smack" */ = {
			isa = XCConfigurationList;
			buildConfigurations = (
				9A24A97E20F6936D0037475C /* Debug */,
				9A24A97F20F6936D0037475C /* Release */,
			);
			defaultConfigurationIsVisible = 0;
			defaultConfigurationName = Release;
		};
/* End XCConfigurationList section */
	};
	rootObject = 9A24A96320F6936C0037475C /* Project object */;
}
